
Microsoft Visual Studio Solution File, Format Version 12.00
# Visual Studio Version 16
VisualStudioVersion = 16.0.29509.3
MinimumVisualStudioVersion = 10.0.40219.1
Project("{FAE04EC0-301F-11D3-BF4B-00C04F79EFBC}") = "RazorPagesMovie", "RazorPagesMovie\RazorPagesMovie.csproj", "{2D7B0124-ECEB-45C9-A830-7AE220D5E95C}"
EndProject
Global
	GlobalSection(SolutionConfigurationPlatforms) = preSolution
		Debug|Any CPU = Debug|Any CPU
		Release|Any CPU = Release|Any CPU
	EndGlobalSection
	GlobalSection(ProjectConfigurationPlatforms) = postSolution
		{2D7B0124-ECEB-45C9-A830-7AE220D5E95C}.Debug|Any CPU.ActiveCfg = Debug|Any CPU
		{2D7B0124-ECEB-45C9-A830-7AE220D5E95C}.Debug|Any CPU.Build.0 = Debug|Any CPU
		{2D7B0124-ECEB-45C9-A830-7AE220D5E95C}.Release|Any CPU.ActiveCfg = Release|Any CPU
		{2D7B0124-ECEB-45C9-A830-7AE220D5E95C}.Release|Any CPU.Build.0 = Release|Any CPU
	EndGlobalSection
	GlobalSection(SolutionProperties) = preSolution
		HideSolutionNode = FALSE
	EndGlobalSection
	GlobalSection(ExtensibilityGlobals) = postSolution
		SolutionGuid = {3CE906DE-1842-491B-A707-0795C2036421}
	EndGlobalSection
EndGlobal
